
Microsoft Visual Studio Solution File, Format Version 12.00
# Visual Studio Version 17
VisualStudioVersion = 17.9.34723.18
MinimumVisualStudioVersion = 10.0.40219.1
Project("{9A19103F-16F7-4668-BE54-9A1E7A4F7556}") = "TLA_SalseForeCast", "TLA_SalseForeCast\TLA_SalseForeCast.csproj", "{AD3E5907-1187-4616-8DE8-B178D0B71161}"
EndProject
Global
	GlobalSection(SolutionConfigurationPlatforms) = preSolution
		Debug|Any CPU = Debug|Any CPU
		Release|Any CPU = Release|Any CPU
	EndGlobalSection
	GlobalSection(ProjectConfigurationPlatforms) = postSolution
		{AD3E5907-1187-4616-8DE8-B178D0B71161}.Debug|Any CPU.ActiveCfg = Debug|Any CPU
		{AD3E5907-1187-4616-8DE8-B178D0B71161}.Debug|Any CPU.Build.0 = Debug|Any CPU
		{AD3E5907-1187-4616-8DE8-B178D0B71161}.Release|Any CPU.ActiveCfg = Release|Any CPU
		{AD3E5907-1187-4616-8DE8-B178D0B71161}.Release|Any CPU.Build.0 = Release|Any CPU
	EndGlobalSection
	GlobalSection(SolutionProperties) = preSolution
		HideSolutionNode = FALSE
	EndGlobalSection
	GlobalSection(ExtensibilityGlobals) = postSolution
		SolutionGuid = {14E7900C-BAC1-475A-9B6C-EC752A9A0079}
	EndGlobalSection
EndGlobal
